
Microsoft Visual Studio Solution File, Format Version 12.00
# Visual Studio Version 17
VisualStudioVersion = 17.11.35303.130
MinimumVisualStudioVersion = 10.0.40219.1
Project("{FAE04EC0-301F-11D3-BF4B-00C04F79EFBC}") = "Stream-app-project", "Stream-app-project\Stream-app-project.csproj", "{B7AF6527-C7D9-4382-A5B8-9D641DBA9B02}"
EndProject
Global
	GlobalSection(SolutionConfigurationPlatforms) = preSolution
		Debug|Any CPU = Debug|Any CPU
		Release|Any CPU = Release|Any CPU
	EndGlobalSection
	GlobalSection(ProjectConfigurationPlatforms) = postSolution
		{B7AF6527-C7D9-4382-A5B8-9D641DBA9B02}.Debug|Any CPU.ActiveCfg = Debug|Any CPU
		{B7AF6527-C7D9-4382-A5B8-9D641DBA9B02}.Debug|Any CPU.Build.0 = Debug|Any CPU
		{B7AF6527-C7D9-4382-A5B8-9D641DBA9B02}.Release|Any CPU.ActiveCfg = Release|Any CPU
		{B7AF6527-C7D9-4382-A5B8-9D641DBA9B02}.Release|Any CPU.Build.0 = Release|Any CPU
	EndGlobalSection
	GlobalSection(SolutionProperties) = preSolution
		HideSolutionNode = FALSE
	EndGlobalSection
	GlobalSection(ExtensibilityGlobals) = postSolution
		SolutionGuid = {FE12E3AA-9CFA-482A-BF06-31A41BF1757F}
	EndGlobalSection
EndGlobal
